schema: '2.0'
stages:
  prepare:
    cmd: python3 src/prepare.py data/data.xml
    deps:
    - path: data/data.xml
      md5: 22a1a2931c8370d3aeedd7183606fd7f
      size: 14445097
    - path: src/prepare.py
      md5: f09ea0c15980b43010257ccb9f0055e2
      size: 1576
    params:
      params.yaml:
        prepare.seed: 20170428
        prepare.split: 0.2
    outs:
    - path: data/prepared
      md5: 153aad06d376b6595932470e459ef42a.dir
      size: 8437363
      nfiles: 2
  featurize:
    cmd: python3 src/featurization.py data/prepared data/features
    deps:
    - path: data/prepared
      md5: 153aad06d376b6595932470e459ef42a.dir
      size: 8437363
      nfiles: 2
    - path: src/featurization.py
      md5: e0265fc22f056a4b86d85c3056bc2894
      size: 2490
    params:
      params.yaml:
        featurize.max_features: 500
        featurize.ngrams: 2
    outs:
    - path: data/features
      md5: 4ad45b89b1d093af54b504cd2cf334e3.dir
      size: 3169592
      nfiles: 2
  train:
    cmd: python3 src/train.py data/features model.pkl
    deps:
    - path: data/features
      md5: 4ad45b89b1d093af54b504cd2cf334e3.dir
      size: 3169592
      nfiles: 2
    - path: src/train.py
      md5: c3961d777cfbd7727f9fde4851896006
      size: 967
    params:
      params.yaml:
        train.min_split: 0.01
        train.n_est: 100
        train.seed: 20170428
    outs:
    - path: model.pkl
      md5: 77a5b1fc69c4fa2205917224841362ae
      size: 3652718
  evaluate:
    cmd: python3 src/evaluate.py model.pkl data/features
    deps:
    - path: data/features
      md5: 4ad45b89b1d093af54b504cd2cf334e3.dir
      size: 3169592
      nfiles: 2
    - path: model.pkl
      md5: 77a5b1fc69c4fa2205917224841362ae
      size: 3652718
    - path: src/evaluate.py
      md5: 44e714021a65edf881b1716e791d7f59
      size: 2346
    outs:
    - path: evaluation.json
      md5: 353e3f53705000dd62f85b76854bef70
      size: 73
    - path: evaluation/importance.png
      md5: 5bf69e5e6b422dc9e6c35b2adf5c2eb3
      size: 32498
    - path: evaluation/plots/confusion_matrix.json
      md5: 174d943f7dc3b8170eee8e93a6e54173
      size: 122246
    - path: evaluation/plots/precision_recall.json
      md5: d3a2b515f2404fb6f11a74f69e3c6eb8
      size: 100046
    - path: evaluation/plots/roc.json
      md5: 2c796913962b2ecb3b5623dd030bcfe2
      size: 30624
